Microsoft Visual Studio Solution File, Format Version 12.00
# Visual Studio Version 17
VisualStudioVersion = 17.5.2.0
MinimumVisualStudioVersion = 10.0.40219.1
Project("{FAE04EC0-301F-11D3-BF4B-00C04F79EFBC}") = "CommunicationApp", "CommunicationApp.csproj", "{299DFF64-410B-D3ED-ABC7-6A9228C3E169}"
EndProject
Global
	GlobalSection(SolutionConfigurationPlatforms) = preSolution
		Debug|Any CPU = Debug|Any CPU
		Release|Any CPU = Release|Any CPU
	EndGlobalSection
	GlobalSection(ProjectConfigurationPlatforms) = postSolution
		{299DFF64-410B-D3ED-ABC7-6A9228C3E169}.Debug|Any CPU.ActiveCfg = Debug|Any CPU
		{299DFF64-410B-D3ED-ABC7-6A9228C3E169}.Debug|Any CPU.Build.0 = Debug|Any CPU
		{299DFF64-410B-D3ED-ABC7-6A9228C3E169}.Release|Any CPU.ActiveCfg = Release|Any CPU
		{299DFF64-410B-D3ED-ABC7-6A9228C3E169}.Release|Any CPU.Build.0 = Release|Any CPU
	EndGlobalSection
	GlobalSection(SolutionProperties) = preSolution
		HideSolutionNode = FALSE
	EndGlobalSection
	GlobalSection(ExtensibilityGlobals) = postSolution
		SolutionGuid = {E0581200-7988-4A13-8E93-236C5FAD0EA8}
	EndGlobalSection
EndGlobal
